// !$*UTF8*$!
{
	archiveVersion = 1;
	classes = {
	};
	objectVersion = 46;
	objects = {

/* Begin PBXAggregateTarget section */
		"PiuPiu::PiuPiuPackageTests::ProductTarget" /* PiuPiuPackageTests */ = {
			isa = PBXAggregateTarget;
			buildConfigurationList = OBJ_121 /* Build configuration list for PBXAggregateTarget "PiuPiuPackageTests" */;
			buildPhases = (
			);
			dependencies = (
				OBJ_124 /* PBXTargetDependency */,
			);
			name = PiuPiuPackageTests;
			productName = PiuPiuPackageTests;
		};
/* End PBXAggregateTarget section */

/* Begin PBXBuildFile section */
		OBJ_100 /* ServerProvider.swift in Sources */ = {isa = PBXBuildFile; fileRef = OBJ_41 /* ServerProvider.swift */; };
		OBJ_101 /* HTTPResponse.swift in Sources */ = {isa = PBXBuildFile; fileRef = OBJ_43 /* HTTPResponse.swift */; };
		OBJ_102 /* Response.swift in Sources */ = {isa = PBXBuildFile; fileRef = OBJ_44 /* Response.swift */; };
		OBJ_103 /* ResponseInterface.swift in Sources */ = {isa = PBXBuildFile; fileRef = OBJ_45 /* ResponseInterface.swift */; };
		OBJ_104 /* SafeResponse.swift in Sources */ = {isa = PBXBuildFile; fileRef = OBJ_46 /* SafeResponse.swift */; };
		OBJ_105 /* DateTransform.swift in Sources */ = {isa = PBXBuildFile; fileRef = OBJ_48 /* DateTransform.swift */; };
		OBJ_106 /* EmptyStringTransform.swift in Sources */ = {isa = PBXBuildFile; fileRef = OBJ_49 /* EmptyStringTransform.swift */; };
		OBJ_107 /* IntFromStringTransform.swift in Sources */ = {isa = PBXBuildFile; fileRef = OBJ_50 /* IntFromStringTransform.swift */; };
		OBJ_108 /* StringFromIntTransform.swift in Sources */ = {isa = PBXBuildFile; fileRef = OBJ_51 /* StringFromIntTransform.swift */; };
		OBJ_109 /* TimeZoneTransform.swift in Sources */ = {isa = PBXBuildFile; fileRef = OBJ_52 /* TimeZoneTransform.swift */; };
		OBJ_110 /* Transform.swift in Sources */ = {isa = PBXBuildFile; fileRef = OBJ_53 /* Transform.swift */; };
		OBJ_111 /* URLTransform.swift in Sources */ = {isa = PBXBuildFile; fileRef = OBJ_54 /* URLTransform.swift */; };
		OBJ_112 /* ResponseFuture.swift in Sources */ = {isa = PBXBuildFile; fileRef = OBJ_56 /* ResponseFuture.swift */; };
		OBJ_119 /* Package.swift in Sources */ = {isa = PBXBuildFile; fileRef = OBJ_6 /* Package.swift */; };
		OBJ_130 /* PiuPiuTests.swift in Sources */ = {isa = PBXBuildFile; fileRef = OBJ_59 /* PiuPiuTests.swift */; };
		OBJ_131 /* XCTestManifests.swift in Sources */ = {isa = PBXBuildFile; fileRef = OBJ_60 /* XCTestManifests.swift */; };
		OBJ_133 /* PiuPiu.framework in Frameworks */ = {isa = PBXBuildFile; fileRef = "PiuPiu::PiuPiu::Product" /* PiuPiu.framework */; };
		OBJ_73 /* HTTPMethod.swift in Sources */ = {isa = PBXBuildFile; fileRef = OBJ_10 /* HTTPMethod.swift */; };
		OBJ_74 /* PathComponent.swift in Sources */ = {isa = PBXBuildFile; fileRef = OBJ_11 /* PathComponent.swift */; };
		OBJ_75 /* PathValue.swift in Sources */ = {isa = PBXBuildFile; fileRef = OBJ_12 /* PathValue.swift */; };
		OBJ_76 /* StatusCode.swift in Sources */ = {isa = PBXBuildFile; fileRef = OBJ_13 /* StatusCode.swift */; };
		OBJ_77 /* WildcardType.swift in Sources */ = {isa = PBXBuildFile; fileRef = OBJ_14 /* WildcardType.swift */; };
		OBJ_78 /* HTTPError.swift in Sources */ = {isa = PBXBuildFile; fileRef = OBJ_16 /* HTTPError.swift */; };
		OBJ_79 /* MockDispatcherError.swift in Sources */ = {isa = PBXBuildFile; fileRef = OBJ_17 /* MockDispatcherError.swift */; };
		OBJ_80 /* RequestError.swift in Sources */ = {isa = PBXBuildFile; fileRef = OBJ_18 /* RequestError.swift */; };
		OBJ_81 /* ResponseError.swift in Sources */ = {isa = PBXBuildFile; fileRef = OBJ_19 /* ResponseError.swift */; };
		OBJ_82 /* DateEncodingStrategy+Extensions.swift in Sources */ = {isa = PBXBuildFile; fileRef = OBJ_21 /* DateEncodingStrategy+Extensions.swift */; };
		OBJ_83 /* DateFormatter+Extensions.swift in Sources */ = {isa = PBXBuildFile; fileRef = OBJ_22 /* DateFormatter+Extensions.swift */; };
		OBJ_84 /* KeyedDecodingContainer+Transform.swift in Sources */ = {isa = PBXBuildFile; fileRef = OBJ_23 /* KeyedDecodingContainer+Transform.swift */; };
		OBJ_85 /* KeyedEncodingContainer+Transform.swift in Sources */ = {isa = PBXBuildFile; fileRef = OBJ_24 /* KeyedEncodingContainer+Transform.swift */; };
		OBJ_86 /* Response+Extensions.swift in Sources */ = {isa = PBXBuildFile; fileRef = OBJ_25 /* Response+Extensions.swift */; };
		OBJ_87 /* URL+Extensions.swift in Sources */ = {isa = PBXBuildFile; fileRef = OBJ_26 /* URL+Extensions.swift */; };
		OBJ_88 /* URLRequest+Extensions.swift in Sources */ = {isa = PBXBuildFile; fileRef = OBJ_27 /* URLRequest+Extensions.swift */; };
		OBJ_89 /* URLSessionTask+Extensions.swift in Sources */ = {isa = PBXBuildFile; fileRef = OBJ_28 /* URLSessionTask+Extensions.swift */; };
		OBJ_90 /* DataDispatcher.swift in Sources */ = {isa = PBXBuildFile; fileRef = OBJ_30 /* DataDispatcher.swift */; };
		OBJ_91 /* DownloadDispatcher.swift in Sources */ = {isa = PBXBuildFile; fileRef = OBJ_31 /* DownloadDispatcher.swift */; };
		OBJ_92 /* MockURLRequestDispatcher.swift in Sources */ = {isa = PBXBuildFile; fileRef = OBJ_32 /* MockURLRequestDispatcher.swift */; };
		OBJ_93 /* RequestSerializer.swift in Sources */ = {isa = PBXBuildFile; fileRef = OBJ_33 /* RequestSerializer.swift */; };
		OBJ_94 /* ResponseFutureSession.swift in Sources */ = {isa = PBXBuildFile; fileRef = OBJ_34 /* ResponseFutureSession.swift */; };
		OBJ_95 /* ResponseFutureTask.swift in Sources */ = {isa = PBXBuildFile; fileRef = OBJ_35 /* ResponseFutureTask.swift */; };
		OBJ_96 /* URLRequestDispatcher.swift in Sources */ = {isa = PBXBuildFile; fileRef = OBJ_36 /* URLRequestDispatcher.swift */; };
		OBJ_97 /* UploadDispatcher.swift in Sources */ = {isa = PBXBuildFile; fileRef = OBJ_37 /* UploadDispatcher.swift */; };
		OBJ_98 /* BasicRequest.swift in Sources */ = {isa = PBXBuildFile; fileRef = OBJ_39 /* BasicRequest.swift */; };
		OBJ_99 /* Request.swift in Sources */ = {isa = PBXBuildFile; fileRef = OBJ_40 /* Request.swift */; };
/* End PBXBuildFile section */

/* Begin PBXContainerItemProxy section */
		DA9FF4CA24D00CC1001DD6F8 /* PBXContainerItemProxy */ = {
			isa = PBXContainerItemProxy;
			containerPortal = OBJ_1 /* Project object */;
			proxyType = 1;
			remoteGlobalIDString = "PiuPiu::PiuPiu";
			remoteInfo = PiuPiu;
		};
		DA9FF4CB24D00CC1001DD6F8 /* PBXContainerItemProxy */ = {
			isa = PBXContainerItemProxy;
			containerPortal = OBJ_1 /* Project object */;
			proxyType = 1;
			remoteGlobalIDString = "PiuPiu::PiuPiuTests";
			remoteInfo = PiuPiuTests;
		};
/* End PBXContainerItemProxy section */

/* Begin PBXFileReference section */
		OBJ_10 /* HTTPMethod.swift */ = {isa = PBXFileReference; lastKnownFileType = sourcecode.swift; path = HTTPMethod.swift; sourceTree = "<group>"; };
		OBJ_11 /* PathComponent.swift */ = {isa = PBXFileReference; lastKnownFileType = sourcecode.swift; path = PathComponent.swift; sourceTree = "<group>"; };
		OBJ_12 /* PathValue.swift */ = {isa = PBXFileReference; lastKnownFileType = sourcecode.swift; path = PathValue.swift; sourceTree = "<group>"; };
		OBJ_13 /* StatusCode.swift */ = {isa = PBXFileReference; lastKnownFileType = sourcecode.swift; path = StatusCode.swift; sourceTree = "<group>"; };
		OBJ_14 /* WildcardType.swift */ = {isa = PBXFileReference; lastKnownFileType = sourcecode.swift; path = WildcardType.swift; sourceTree = "<group>"; };
		OBJ_16 /* HTTPError.swift */ = {isa = PBXFileReference; lastKnownFileType = sourcecode.swift; path = HTTPError.swift; sourceTree = "<group>"; };
		OBJ_17 /* MockDispatcherError.swift */ = {isa = PBXFileReference; lastKnownFileType = sourcecode.swift; path = MockDispatcherError.swift; sourceTree = "<group>"; };
		OBJ_18 /* RequestError.swift */ = {isa = PBXFileReference; lastKnownFileType = sourcecode.swift; path = RequestError.swift; sourceTree = "<group>"; };
		OBJ_19 /* ResponseError.swift */ = {isa = PBXFileReference; lastKnownFileType = sourcecode.swift; path = ResponseError.swift; sourceTree = "<group>"; };
		OBJ_21 /* DateEncodingStrategy+Extensions.swift */ = {isa = PBXFileReference; lastKnownFileType = sourcecode.swift; path = "DateEncodingStrategy+Extensions.swift"; sourceTree = "<group>"; };
		OBJ_22 /* DateFormatter+Extensions.swift */ = {isa = PBXFileReference; lastKnownFileType = sourcecode.swift; path = "DateFormatter+Extensions.swift"; sourceTree = "<group>"; };
		OBJ_23 /* KeyedDecodingContainer+Transform.swift */ = {isa = PBXFileReference; lastKnownFileType = sourcecode.swift; path = "KeyedDecodingContainer+Transform.swift"; sourceTree = "<group>"; };
		OBJ_24 /* KeyedEncodingContainer+Transform.swift */ = {isa = PBXFileReference; lastKnownFileType = sourcecode.swift; path = "KeyedEncodingContainer+Transform.swift"; sourceTree = "<group>"; };
		OBJ_25 /* Response+Extensions.swift */ = {isa = PBXFileReference; lastKnownFileType = sourcecode.swift; path = "Response+Extensions.swift"; sourceTree = "<group>"; };
		OBJ_26 /* URL+Extensions.swift */ = {isa = PBXFileReference; lastKnownFileType = sourcecode.swift; path = "URL+Extensions.swift"; sourceTree = "<group>"; };
		OBJ_27 /* URLRequest+Extensions.swift */ = {isa = PBXFileReference; lastKnownFileType = sourcecode.swift; path = "URLRequest+Extensions.swift"; sourceTree = "<group>"; };
		OBJ_28 /* URLSessionTask+Extensions.swift */ = {isa = PBXFileReference; lastKnownFileType = sourcecode.swift; path = "URLSessionTask+Extensions.swift"; sourceTree = "<group>"; };
		OBJ_30 /* DataDispatcher.swift */ = {isa = PBXFileReference; lastKnownFileType = sourcecode.swift; path = DataDispatcher.swift; sourceTree = "<group>"; };
		OBJ_31 /* DownloadDispatcher.swift */ = {isa = PBXFileReference; lastKnownFileType = sourcecode.swift; path = DownloadDispatcher.swift; sourceTree = "<group>"; };
		OBJ_32 /* MockURLRequestDispatcher.swift */ = {isa = PBXFileReference; lastKnownFileType = sourcecode.swift; path = MockURLRequestDispatcher.swift; sourceTree = "<group>"; };
		OBJ_33 /* RequestSerializer.swift */ = {isa = PBXFileReference; lastKnownFileType = sourcecode.swift; path = RequestSerializer.swift; sourceTree = "<group>"; };
		OBJ_34 /* ResponseFutureSession.swift */ = {isa = PBXFileReference; lastKnownFileType = sourcecode.swift; path = ResponseFutureSession.swift; sourceTree = "<group>"; };
		OBJ_35 /* ResponseFutureTask.swift */ = {isa = PBXFileReference; lastKnownFileType = sourcecode.swift; path = ResponseFutureTask.swift; sourceTree = "<group>"; };
		OBJ_36 /* URLRequestDispatcher.swift */ = {isa = PBXFileReference; lastKnownFileType = sourcecode.swift; path = URLRequestDispatcher.swift; sourceTree = "<group>"; };
		OBJ_37 /* UploadDispatcher.swift */ = {isa = PBXFileReference; lastKnownFileType = sourcecode.swift; path = UploadDispatcher.swift; sourceTree = "<group>"; };
		OBJ_39 /* BasicRequest.swift */ = {isa = PBXFileReference; lastKnownFileType = sourcecode.swift; path = BasicRequest.swift; sourceTree = "<group>"; };
		OBJ_40 /* Request.swift */ = {isa = PBXFileReference; lastKnownFileType = sourcecode.swift; path = Request.swift; sourceTree = "<group>"; };
		OBJ_41 /* ServerProvider.swift */ = {isa = PBXFileReference; lastKnownFileType = sourcecode.swift; path = ServerProvider.swift; sourceTree = "<group>"; };
		OBJ_43 /* HTTPResponse.swift */ = {isa = PBXFileReference; lastKnownFileType = sourcecode.swift; path = HTTPResponse.swift; sourceTree = "<group>"; };
		OBJ_44 /* Response.swift */ = {isa = PBXFileReference; lastKnownFileType = sourcecode.swift; path = Response.swift; sourceTree = "<group>"; };
		OBJ_45 /* ResponseInterface.swift */ = {isa = PBXFileReference; lastKnownFileType = sourcecode.swift; path = ResponseInterface.swift; sourceTree = "<group>"; };
		OBJ_46 /* SafeResponse.swift */ = {isa = PBXFileReference; lastKnownFileType = sourcecode.swift; path = SafeResponse.swift; sourceTree = "<group>"; };
		OBJ_48 /* DateTransform.swift */ = {isa = PBXFileReference; lastKnownFileType = sourcecode.swift; path = DateTransform.swift; sourceTree = "<group>"; };
		OBJ_49 /* EmptyStringTransform.swift */ = {isa = PBXFileReference; lastKnownFileType = sourcecode.swift; path = EmptyStringTransform.swift; sourceTree = "<group>"; };
		OBJ_50 /* IntFromStringTransform.swift */ = {isa = PBXFileReference; lastKnownFileType = sourcecode.swift; path = IntFromStringTransform.swift; sourceTree = "<group>"; };
		OBJ_51 /* StringFromIntTransform.swift */ = {isa = PBXFileReference; lastKnownFileType = sourcecode.swift; path = StringFromIntTransform.swift; sourceTree = "<group>"; };
		OBJ_52 /* TimeZoneTransform.swift */ = {isa = PBXFileReference; lastKnownFileType = sourcecode.swift; path = TimeZoneTransform.swift; sourceTree = "<group>"; };
		OBJ_53 /* Transform.swift */ = {isa = PBXFileReference; lastKnownFileType = sourcecode.swift; path = Transform.swift; sourceTree = "<group>"; };
		OBJ_54 /* URLTransform.swift */ = {isa = PBXFileReference; lastKnownFileType = sourcecode.swift; path = URLTransform.swift; sourceTree = "<group>"; };
		OBJ_56 /* ResponseFuture.swift */ = {isa = PBXFileReference; lastKnownFileType = sourcecode.swift; path = ResponseFuture.swift; sourceTree = "<group>"; };
		OBJ_59 /* PiuPiuTests.swift */ = {isa = PBXFileReference; lastKnownFileType = sourcecode.swift; path = PiuPiuTests.swift; sourceTree = "<group>"; };
		OBJ_6 /* Package.swift */ = {isa = PBXFileReference; explicitFileType = sourcecode.swift; path = Package.swift; sourceTree = "<group>"; };
		OBJ_60 /* XCTestManifests.swift */ = {isa = PBXFileReference; lastKnownFileType = sourcecode.swift; path = XCTestManifests.swift; sourceTree = "<group>"; };
		OBJ_64 /* Example */ = {isa = PBXFileReference; lastKnownFileType = folder; path = Example; sourceTree = SOURCE_ROOT; };
		OBJ_65 /* LICENSE */ = {isa = PBXFileReference; lastKnownFileType = text; path = LICENSE; sourceTree = "<group>"; };
		OBJ_66 /* README.md */ = {isa = PBXFileReference; lastKnownFileType = net.daringfireball.markdown; path = README.md; sourceTree = "<group>"; };
		OBJ_67 /* PiuPiu.podspec */ = {isa = PBXFileReference; lastKnownFileType = text; path = PiuPiu.podspec; sourceTree = "<group>"; };
		"PiuPiu::PiuPiu::Product" /* PiuPiu.framework */ = {isa = PBXFileReference; explicitFileType = wrapper.framework; path = PiuPiu.framework; sourceTree = BUILT_PRODUCTS_DIR; };
		"PiuPiu::PiuPiuTests::Product" /* PiuPiuTests.xctest */ = {isa = PBXFileReference; lastKnownFileType = file; path = PiuPiuTests.xctest; sourceTree = BUILT_PRODUCTS_DIR; };
/* End PBXFileReference section */

/* Begin PBXFrameworksBuildPhase section */
		OBJ_113 /* Frameworks */ = {
			isa = PBXFrameworksBuildPhase;
			buildActionMask = 0;
			files = (
			);
			runOnlyForDeploymentPostprocessing = 0;
		};
		OBJ_132 /* Frameworks */ = {
			isa = PBXFrameworksBuildPhase;
			buildActionMask = 0;
			files = (
				OBJ_133 /* PiuPiu.framework in Frameworks */,
			);
			runOnlyForDeploymentPostprocessing = 0;
		};
/* End PBXFrameworksBuildPhase section */

/* Begin PBXGroup section */
		OBJ_15 /* Errors */ = {
			isa = PBXGroup;
			children = (
				OBJ_16 /* HTTPError.swift */,
				OBJ_17 /* MockDispatcherError.swift */,
				OBJ_18 /* RequestError.swift */,
				OBJ_19 /* ResponseError.swift */,
			);
			path = Errors;
			sourceTree = "<group>";
		};
		OBJ_20 /* Extensions */ = {
			isa = PBXGroup;
			children = (
				OBJ_21 /* DateEncodingStrategy+Extensions.swift */,
				OBJ_22 /* DateFormatter+Extensions.swift */,
				OBJ_23 /* KeyedDecodingContainer+Transform.swift */,
				OBJ_24 /* KeyedEncodingContainer+Transform.swift */,
				OBJ_25 /* Response+Extensions.swift */,
				OBJ_26 /* URL+Extensions.swift */,
				OBJ_27 /* URLRequest+Extensions.swift */,
				OBJ_28 /* URLSessionTask+Extensions.swift */,
			);
			path = Extensions;
			sourceTree = "<group>";
		};
		OBJ_29 /* Network */ = {
			isa = PBXGroup;
			children = (
				OBJ_30 /* DataDispatcher.swift */,
				OBJ_31 /* DownloadDispatcher.swift */,
				OBJ_32 /* MockURLRequestDispatcher.swift */,
				OBJ_33 /* RequestSerializer.swift */,
				OBJ_34 /* ResponseFutureSession.swift */,
				OBJ_35 /* ResponseFutureTask.swift */,
				OBJ_36 /* URLRequestDispatcher.swift */,
				OBJ_37 /* UploadDispatcher.swift */,
			);
			path = Network;
			sourceTree = "<group>";
		};
		OBJ_38 /* Request */ = {
			isa = PBXGroup;
			children = (
				OBJ_39 /* BasicRequest.swift */,
				OBJ_40 /* Request.swift */,
				OBJ_41 /* ServerProvider.swift */,
			);
			path = Request;
			sourceTree = "<group>";
		};
		OBJ_42 /* Response */ = {
			isa = PBXGroup;
			children = (
				OBJ_43 /* HTTPResponse.swift */,
				OBJ_44 /* Response.swift */,
				OBJ_45 /* ResponseInterface.swift */,
				OBJ_46 /* SafeResponse.swift */,
			);
			path = Response;
			sourceTree = "<group>";
		};
		OBJ_47 /* Transforms */ = {
			isa = PBXGroup;
			children = (
				OBJ_48 /* DateTransform.swift */,
				OBJ_49 /* EmptyStringTransform.swift */,
				OBJ_50 /* IntFromStringTransform.swift */,
				OBJ_51 /* StringFromIntTransform.swift */,
				OBJ_52 /* TimeZoneTransform.swift */,
				OBJ_53 /* Transform.swift */,
				OBJ_54 /* URLTransform.swift */,
			);
			path = Transforms;
			sourceTree = "<group>";
		};
		OBJ_5 /*  */ = {
			isa = PBXGroup;
			children = (
				OBJ_6 /* Package.swift */,
				OBJ_7 /* Sources */,
				OBJ_57 /* Tests */,
				OBJ_61 /* Products */,
				OBJ_64 /* Example */,
				OBJ_65 /* LICENSE */,
				OBJ_66 /* README.md */,
				OBJ_67 /* PiuPiu.podspec */,
			);
			name = "";
			sourceTree = "<group>";
		};
		OBJ_55 /* Utilities */ = {
			isa = PBXGroup;
			children = (
				OBJ_56 /* ResponseFuture.swift */,
			);
			path = Utilities;
			sourceTree = "<group>";
		};
		OBJ_57 /* Tests */ = {
			isa = PBXGroup;
			children = (
				OBJ_58 /* PiuPiuTests */,
			);
			name = Tests;
			sourceTree = SOURCE_ROOT;
		};
		OBJ_58 /* PiuPiuTests */ = {
			isa = PBXGroup;
			children = (
				OBJ_59 /* PiuPiuTests.swift */,
				OBJ_60 /* XCTestManifests.swift */,
			);
			name = PiuPiuTests;
			path = Tests/PiuPiuTests;
			sourceTree = SOURCE_ROOT;
		};
		OBJ_61 /* Products */ = {
			isa = PBXGroup;
			children = (
				"PiuPiu::PiuPiuTests::Product" /* PiuPiuTests.xctest */,
				"PiuPiu::PiuPiu::Product" /* PiuPiu.framework */,
			);
			name = Products;
			sourceTree = BUILT_PRODUCTS_DIR;
		};
		OBJ_7 /* Sources */ = {
			isa = PBXGroup;
			children = (
				OBJ_8 /* PiuPiu */,
			);
			name = Sources;
			sourceTree = SOURCE_ROOT;
		};
		OBJ_8 /* PiuPiu */ = {
			isa = PBXGroup;
			children = (
				OBJ_9 /* Enums */,
				OBJ_15 /* Errors */,
				OBJ_20 /* Extensions */,
				OBJ_29 /* Network */,
				OBJ_38 /* Request */,
				OBJ_42 /* Response */,
				OBJ_47 /* Transforms */,
				OBJ_55 /* Utilities */,
			);
			name = PiuPiu;
			path = Sources/PiuPiu;
			sourceTree = SOURCE_ROOT;
		};
		OBJ_9 /* Enums */ = {
			isa = PBXGroup;
			children = (
				OBJ_10 /* HTTPMethod.swift */,
				OBJ_11 /* PathComponent.swift */,
				OBJ_12 /* PathValue.swift */,
				OBJ_13 /* StatusCode.swift */,
				OBJ_14 /* WildcardType.swift */,
			);
			path = Enums;
			sourceTree = "<group>";
		};
/* End PBXGroup section */

/* Begin PBXNativeTarget section */
		"PiuPiu::PiuPiu" /* PiuPiu */ = {
			isa = PBXNativeTarget;
			buildConfigurationList = OBJ_69 /* Build configuration list for PBXNativeTarget "PiuPiu" */;
			buildPhases = (
				OBJ_72 /* Sources */,
				OBJ_113 /* Frameworks */,
			);
			buildRules = (
			);
			dependencies = (
			);
			name = PiuPiu;
			productName = PiuPiu;
			productReference = "PiuPiu::PiuPiu::Product" /* PiuPiu.framework */;
			productType = "com.apple.product-type.framework";
		};
		"PiuPiu::PiuPiuTests" /* PiuPiuTests */ = {
			isa = PBXNativeTarget;
			buildConfigurationList = OBJ_126 /* Build configuration list for PBXNativeTarget "PiuPiuTests" */;
			buildPhases = (
				OBJ_129 /* Sources */,
				OBJ_132 /* Frameworks */,
			);
			buildRules = (
			);
			dependencies = (
				OBJ_134 /* PBXTargetDependency */,
			);
			name = PiuPiuTests;
			productName = PiuPiuTests;
			productReference = "PiuPiu::PiuPiuTests::Product" /* PiuPiuTests.xctest */;
			productType = "com.apple.product-type.bundle.unit-test";
		};
		"PiuPiu::SwiftPMPackageDescription" /* PiuPiuPackageDescription */ = {
			isa = PBXNativeTarget;
			buildConfigurationList = OBJ_115 /* Build configuration list for PBXNativeTarget "PiuPiuPackageDescription" */;
			buildPhases = (
				OBJ_118 /* Sources */,
			);
			buildRules = (
			);
			dependencies = (
			);
			name = PiuPiuPackageDescription;
			productName = PiuPiuPackageDescription;
			productType = "com.apple.product-type.framework";
		};
/* End PBXNativeTarget section */

/* Begin PBXProject section */
		OBJ_1 /* Project object */ = {
			isa = PBXProject;
			attributes = {
				LastSwiftMigration = 9999;
				LastUpgradeCheck = 9999;
			};
			buildConfigurationList = OBJ_2 /* Build configuration list for PBXProject "PiuPiu" */;
			compatibilityVersion = "Xcode 3.2";
			developmentRegion = en;
			hasScannedForEncodings = 0;
			knownRegions = (
				en,
			);
			mainGroup = OBJ_5 /*  */;
			productRefGroup = OBJ_61 /* Products */;
			projectDirPath = "";
			projectRoot = "";
			targets = (
				"PiuPiu::PiuPiu" /* PiuPiu */,
				"PiuPiu::SwiftPMPackageDescription" /* PiuPiuPackageDescription */,
				"PiuPiu::PiuPiuPackageTests::ProductTarget" /* PiuPiuPackageTests */,
				"PiuPiu::PiuPiuTests" /* PiuPiuTests */,
			);
		};
/* End PBXProject section */

/* Begin PBXSourcesBuildPhase section */
		OBJ_118 /* Sources */ = {
			isa = PBXSourcesBuildPhase;
			buildActionMask = 0;
			files = (
				OBJ_119 /* Package.swift in Sources */,
			);
			runOnlyForDeploymentPostprocessing = 0;
		};
		OBJ_129 /* Sources */ = {
			isa = PBXSourcesBuildPhase;
			buildActionMask = 0;
			files = (
				OBJ_130 /* PiuPiuTests.swift in Sources */,
				OBJ_131 /* XCTestManifests.swift in Sources */,
			);
			runOnlyForDeploymentPostprocessing = 0;
		};
		OBJ_72 /* Sources */ = {
			isa = PBXSourcesBuildPhase;
			buildActionMask = 0;
			files = (
				OBJ_73 /* HTTPMethod.swift in Sources */,
				OBJ_74 /* PathComponent.swift in Sources */,
				OBJ_75 /* PathValue.swift in Sources */,
				OBJ_76 /* StatusCode.swift in Sources */,
				OBJ_77 /* WildcardType.swift in Sources */,
				OBJ_78 /* HTTPError.swift in Sources */,
				OBJ_79 /* MockDispatcherError.swift in Sources */,
				OBJ_80 /* RequestError.swift in Sources */,
				OBJ_81 /* ResponseError.swift in Sources */,
				OBJ_82 /* DateEncodingStrategy+Extensions.swift in Sources */,
				OBJ_83 /* DateFormatter+Extensions.swift in Sources */,
				OBJ_84 /* KeyedDecodingContainer+Transform.swift in Sources */,
				OBJ_85 /* KeyedEncodingContainer+Transform.swift in Sources */,
				OBJ_86 /* Response+Extensions.swift in Sources */,
				OBJ_87 /* URL+Extensions.swift in Sources */,
				OBJ_88 /* URLRequest+Extensions.swift in Sources */,
				OBJ_89 /* URLSessionTask+Extensions.swift in Sources */,
				OBJ_90 /* DataDispatcher.swift in Sources */,
				OBJ_91 /* DownloadDispatcher.swift in Sources */,
				OBJ_92 /* MockURLRequestDispatcher.swift in Sources */,
				OBJ_93 /* RequestSerializer.swift in Sources */,
				OBJ_94 /* ResponseFutureSession.swift in Sources */,
				OBJ_95 /* ResponseFutureTask.swift in Sources */,
				OBJ_96 /* URLRequestDispatcher.swift in Sources */,
				OBJ_97 /* UploadDispatcher.swift in Sources */,
				OBJ_98 /* BasicRequest.swift in Sources */,
				OBJ_99 /* Request.swift in Sources */,
				OBJ_100 /* ServerProvider.swift in Sources */,
				OBJ_101 /* HTTPResponse.swift in Sources */,
				OBJ_102 /* Response.swift in Sources */,
				OBJ_103 /* ResponseInterface.swift in Sources */,
				OBJ_104 /* SafeResponse.swift in Sources */,
				OBJ_105 /* DateTransform.swift in Sources */,
				OBJ_106 /* EmptyStringTransform.swift in Sources */,
				OBJ_107 /* IntFromStringTransform.swift in Sources */,
				OBJ_108 /* StringFromIntTransform.swift in Sources */,
				OBJ_109 /* TimeZoneTransform.swift in Sources */,
				OBJ_110 /* Transform.swift in Sources */,
				OBJ_111 /* URLTransform.swift in Sources */,
				OBJ_112 /* ResponseFuture.swift in Sources */,
			);
			runOnlyForDeploymentPostprocessing = 0;
		};
/* End PBXSourcesBuildPhase section */

/* Begin PBXTargetDependency section */
		OBJ_124 /* PBXTargetDependency */ = {
			isa = PBXTargetDependency;
			target = "PiuPiu::PiuPiuTests" /* PiuPiuTests */;
			targetProxy = DA9FF4CB24D00CC1001DD6F8 /* PBXContainerItemProxy */;
		};
		OBJ_134 /* PBXTargetDependency */ = {
			isa = PBXTargetDependency;
			target = "PiuPiu::PiuPiu" /* PiuPiu */;
			targetProxy = DA9FF4CA24D00CC1001DD6F8 /* PBXContainerItemProxy */;
		};
/* End PBXTargetDependency section */

/* Begin XCBuildConfiguration section */
		OBJ_116 /* Debug */ = {
			isa = XCBuildConfiguration;
			buildSettings = {
				LD = /usr/bin/true;
				OTHER_SWIFT_FLAGS = "-swift-version 5 -I $(TOOLCHAIN_DIR)/usr/lib/swift/pm/4_2 -target x86_64-apple-macosx10.10 -sdk /Applications/Xcode.app/Contents/Developer/Platforms/MacOSX.platform/Developer/SDKs/MacOSX10.15.sdk -package-description-version 5.2.0";
				SWIFT_VERSION = 5.0;
			};
			name = Debug;
		};
		OBJ_117 /* Release */ = {
			isa = XCBuildConfiguration;
			buildSettings = {
				LD = /usr/bin/true;
				OTHER_SWIFT_FLAGS = "-swift-version 5 -I $(TOOLCHAIN_DIR)/usr/lib/swift/pm/4_2 -target x86_64-apple-macosx10.10 -sdk /Applications/Xcode.app/Contents/Developer/Platforms/MacOSX.platform/Developer/SDKs/MacOSX10.15.sdk -package-description-version 5.2.0";
				SWIFT_VERSION = 5.0;
			};
			name = Release;
		};
		OBJ_122 /* Debug */ = {
			isa = XCBuildConfiguration;
			buildSettings = {
			};
			name = Debug;
		};
		OBJ_123 /* Release */ = {
			isa = XCBuildConfiguration;
			buildSettings = {
			};
			name = Release;
		};
		OBJ_127 /* Debug */ = {
			isa = XCBuildConfiguration;
			buildSettings = {
				CLANG_ENABLE_MODULES = YES;
				EMBEDDED_CONTENT_CONTAINS_SWIFT = YES;
				FRAMEWORK_SEARCH_PATHS = (
					"$(inherited)",
					"$(PLATFORM_DIR)/Developer/Library/Frameworks",
				);
				HEADER_SEARCH_PATHS = "$(inherited)";
				INFOPLIST_FILE = PiuPiu.xcodeproj/PiuPiuTests_Info.plist;
				IPHONEOS_DEPLOYMENT_TARGET = 8.0;
				LD_RUNPATH_SEARCH_PATHS = "$(inherited) @loader_path/../Frameworks @loader_path/Frameworks";
				MACOSX_DEPLOYMENT_TARGET = 10.10;
				OTHER_CFLAGS = "$(inherited)";
				OTHER_LDFLAGS = "$(inherited)";
				OTHER_SWIFT_FLAGS = "$(inherited)";
				SWIFT_ACTIVE_COMPILATION_CONDITIONS = "$(inherited)";
				SWIFT_VERSION = 5.0;
				TARGET_NAME = PiuPiuTests;
				TVOS_DEPLOYMENT_TARGET = 9.0;
				WATCHOS_DEPLOYMENT_TARGET = 2.0;
			};
			name = Debug;
		};
		OBJ_128 /* Release */ = {
			isa = XCBuildConfiguration;
			buildSettings = {
				CLANG_ENABLE_MODULES = YES;
				EMBEDDED_CONTENT_CONTAINS_SWIFT = YES;
				FRAMEWORK_SEARCH_PATHS = (
					"$(inherited)",
					"$(PLATFORM_DIR)/Developer/Library/Frameworks",
				);
				HEADER_SEARCH_PATHS = "$(inherited)";
				INFOPLIST_FILE = PiuPiu.xcodeproj/PiuPiuTests_Info.plist;
				IPHONEOS_DEPLOYMENT_TARGET = 8.0;
				LD_RUNPATH_SEARCH_PATHS = "$(inherited) @loader_path/../Frameworks @loader_path/Frameworks";
				MACOSX_DEPLOYMENT_TARGET = 10.10;
				OTHER_CFLAGS = "$(inherited)";
				OTHER_LDFLAGS = "$(inherited)";
				OTHER_SWIFT_FLAGS = "$(inherited)";
				SWIFT_ACTIVE_COMPILATION_CONDITIONS = "$(inherited)";
				SWIFT_VERSION = 5.0;
				TARGET_NAME = PiuPiuTests;
				TVOS_DEPLOYMENT_TARGET = 9.0;
				WATCHOS_DEPLOYMENT_TARGET = 2.0;
			};
			name = Release;
		};
		OBJ_3 /* Debug */ = {
			isa = XCBuildConfiguration;
			buildSettings = {
				CLANG_ENABLE_OBJC_ARC = YES;
				COMBINE_HIDPI_IMAGES = YES;
				COPY_PHASE_STRIP = NO;
				DEBUG_INFORMATION_FORMAT = dwarf;
				DYLIB_INSTALL_NAME_BASE = "@rpath";
				ENABLE_NS_ASSERTIONS = YES;
				GCC_OPTIMIZATION_LEVEL = 0;
				GCC_PREPROCESSOR_DEFINITIONS = (
					"$(inherited)",
					"SWIFT_PACKAGE=1",
					"DEBUG=1",
				);
				MACOSX_DEPLOYMENT_TARGET = 10.10;
				ONLY_ACTIVE_ARCH = YES;
				OTHER_SWIFT_FLAGS = "$(inherited) -DXcode";
				PRODUCT_NAME = "$(TARGET_NAME)";
				SDKROOT = macosx;
				SUPPORTED_PLATFORMS = "macosx iphoneos iphonesimulator appletvos appletvsimulator watchos watchsimulator";
				SWIFT_ACTIVE_COMPILATION_CONDITIONS = "$(inherited) SWIFT_PACKAGE DEBUG";
				SWIFT_OPTIMIZATION_LEVEL = "-Onone";
				USE_HEADERMAP = NO;
			};
			name = Debug;
		};
		OBJ_4 /* Release */ = {
			isa = XCBuildConfiguration;
			buildSettings = {
				CLANG_ENABLE_OBJC_ARC = YES;
				COMBINE_HIDPI_IMAGES = YES;
				COPY_PHASE_STRIP = YES;
				DEBUG_INFORMATION_FORMAT = "dwarf-with-dsym";
				DYLIB_INSTALL_NAME_BASE = "@rpath";
				GCC_OPTIMIZATION_LEVEL = s;
				GCC_PREPROCESSOR_DEFINITIONS = (
					"$(inherited)",
					"SWIFT_PACKAGE=1",
				);
				MACOSX_DEPLOYMENT_TARGET = 10.10;
				OTHER_SWIFT_FLAGS = "$(inherited) -DXcode";
				PRODUCT_NAME = "$(TARGET_NAME)";
				SDKROOT = macosx;
				SUPPORTED_PLATFORMS = "macosx iphoneos iphonesimulator appletvos appletvsimulator watchos watchsimulator";
				SWIFT_ACTIVE_COMPILATION_CONDITIONS = "$(inherited) SWIFT_PACKAGE";
				SWIFT_OPTIMIZATION_LEVEL = "-Owholemodule";
				USE_HEADERMAP = NO;
			};
			name = Release;
		};
		OBJ_70 /* Debug */ = {
			isa = XCBuildConfiguration;
			buildSettings = {
				APPLICATION_EXTENSION_API_ONLY = YES;
				ENABLE_TESTABILITY = YES;
				FRAMEWORK_SEARCH_PATHS = (
					"$(inherited)",
					"$(PLATFORM_DIR)/Developer/Library/Frameworks",
				);
				HEADER_SEARCH_PATHS = "$(inherited)";
				INFOPLIST_FILE = PiuPiu.xcodeproj/PiuPiu_Info.plist;
				IPHONEOS_DEPLOYMENT_TARGET = 8.0;
				LD_RUNPATH_SEARCH_PATHS = "$(inherited) $(TOOLCHAIN_DIR)/usr/lib/swift/macosx";
				MACOSX_DEPLOYMENT_TARGET = 10.10;
				MARKETING_VERSION = 1.6.0;
				OTHER_CFLAGS = "$(inherited)";
				OTHER_LDFLAGS = "$(inherited)";
				OTHER_SWIFT_FLAGS = "$(inherited)";
				PRODUCT_BUNDLE_IDENTIFIER = PiuPiu;
				PRODUCT_MODULE_NAME = "$(TARGET_NAME:c99extidentifier)";
				PRODUCT_NAME = "$(TARGET_NAME:c99extidentifier)";
				SKIP_INSTALL = YES;
				SWIFT_ACTIVE_COMPILATION_CONDITIONS = "$(inherited)";
				SWIFT_VERSION = 5.0;
				TARGET_NAME = PiuPiu;
				TVOS_DEPLOYMENT_TARGET = 9.0;
				WATCHOS_DEPLOYMENT_TARGET = 2.0;
			};
			name = Debug;
		};
		OBJ_71 /* Release */ = {
			isa = XCBuildConfiguration;
			buildSettings = {
				APPLICATION_EXTENSION_API_ONLY = YES;
				ENABLE_TESTABILITY = YES;
				FRAMEWORK_SEARCH_PATHS = (
					"$(inherited)",
					"$(PLATFORM_DIR)/Developer/Library/Frameworks",
				);
				HEADER_SEARCH_PATHS = "$(inherited)";
				INFOPLIST_FILE = PiuPiu.xcodeproj/PiuPiu_Info.plist;
				IPHONEOS_DEPLOYMENT_TARGET = 8.0;
				LD_RUNPATH_SEARCH_PATHS = "$(inherited) $(TOOLCHAIN_DIR)/usr/lib/swift/macosx";
				MACOSX_DEPLOYMENT_TARGET = 10.10;
				MARKETING_VERSION = 1.6.0;
				OTHER_CFLAGS = "$(inherited)";
				OTHER_LDFLAGS = "$(inherited)";
				OTHER_SWIFT_FLAGS = "$(inherited)";
				PRODUCT_BUNDLE_IDENTIFIER = PiuPiu;
				PRODUCT_MODULE_NAME = "$(TARGET_NAME:c99extidentifier)";
				PRODUCT_NAME = "$(TARGET_NAME:c99extidentifier)";
				SKIP_INSTALL = YES;
				SWIFT_ACTIVE_COMPILATION_CONDITIONS = "$(inherited)";
				SWIFT_VERSION = 5.0;
				TARGET_NAME = PiuPiu;
				TVOS_DEPLOYMENT_TARGET = 9.0;
				WATCHOS_DEPLOYMENT_TARGET = 2.0;
			};
			name = Release;
		};
/* End XCBuildConfiguration section */

/* Begin XCConfigurationList section */
		OBJ_115 /* Build configuration list for PBXNativeTarget "PiuPiuPackageDescription" */ = {
			isa = XCConfigurationList;
			buildConfigurations = (
				OBJ_116 /* Debug */,
				OBJ_117 /* Release */,
			);
			defaultConfigurationIsVisible = 0;
			defaultConfigurationName = Release;
		};
		OBJ_121 /* Build configuration list for PBXAggregateTarget "PiuPiuPackageTests" */ = {
			isa = XCConfigurationList;
			buildConfigurations = (
				OBJ_122 /* Debug */,
				OBJ_123 /* Release */,
			);
			defaultConfigurationIsVisible = 0;
			defaultConfigurationName = Release;
		};
		OBJ_126 /* Build configuration list for PBXNativeTarget "PiuPiuTests" */ = {
			isa = XCConfigurationList;
			buildConfigurations = (
				OBJ_127 /* Debug */,
				OBJ_128 /* Release */,
			);
			defaultConfigurationIsVisible = 0;
			defaultConfigurationName = Release;
		};
		OBJ_2 /* Build configuration list for PBXProject "PiuPiu" */ = {
			isa = XCConfigurationList;
			buildConfigurations = (
				OBJ_3 /* Debug */,
				OBJ_4 /* Release */,
			);
			defaultConfigurationIsVisible = 0;
			defaultConfigurationName = Release;
		};
		OBJ_69 /* Build configuration list for PBXNativeTarget "PiuPiu" */ = {
			isa = XCConfigurationList;
			buildConfigurations = (
				OBJ_70 /* Debug */,
				OBJ_71 /* Release */,
			);
			defaultConfigurationIsVisible = 0;
			defaultConfigurationName = Release;
		};
/* End XCConfigurationList section */
	};
	rootObject = OBJ_1 /* Project object */;
}
