// !$*UTF8*$!
{
	archiveVersion = 1;
	classes = {
	};
	objectVersion = 46;
	objects = {

/* Begin PBXBuildFile section */
		8CC508141ED35E7D00C19524 /* AppDelegate.swift in Sources */ = {isa = PBXBuildFile; fileRef = 8CC508131ED35E7D00C19524 /* AppDelegate.swift */; };
		8CC508161ED35E7D00C19524 /* SeriesRequestsViewController.swift in Sources */ = {isa = PBXBuildFile; fileRef = 8CC508151ED35E7D00C19524 /* SeriesRequestsViewController.swift */; };
		8CC5081B1ED35E7D00C19524 /* Assets.xcassets in Resources */ = {isa = PBXBuildFile; fileRef = 8CC5081A1ED35E7D00C19524 /* Assets.xcassets */; };
		8CC5081E1ED35E7D00C19524 /* LaunchScreen.storyboard in Resources */ = {isa = PBXBuildFile; fileRef = 8CC5081C1ED35E7D00C19524 /* LaunchScreen.storyboard */; };
		DA173AF0238F5EFC0045617E /* URLTransformTests.swift in Sources */ = {isa = PBXBuildFile; fileRef = DA173AEF238F5EFC0045617E /* URLTransformTests.swift */; };
		DA173AF5238F60C20045617E /* KeyedDecodingContainerTests.swift in Sources */ = {isa = PBXBuildFile; fileRef = DA173AF4238F60C20045617E /* KeyedDecodingContainerTests.swift */; };
		DA173AF7238F60D20045617E /* KeyedEncodingContainerTests.swift in Sources */ = {isa = PBXBuildFile; fileRef = DA173AF6238F60D20045617E /* KeyedEncodingContainerTests.swift */; };
		DA173AFE238F72650045617E /* TimeZoneTransformTests.swift in Sources */ = {isa = PBXBuildFile; fileRef = DA173AFD238F72650045617E /* TimeZoneTransformTests.swift */; };
		DA173B00238F747A0045617E /* DateTransformTests.swift in Sources */ = {isa = PBXBuildFile; fileRef = DA173AFF238F747A0045617E /* DateTransformTests.swift */; };
		DA173B1B238F8B6A0045617E /* EmptyStringTransform.swift in Sources */ = {isa = PBXBuildFile; fileRef = DA173B1A238F8B6A0045617E /* EmptyStringTransform.swift */; };
		DA28326622CD7A2F00027DBA /* UploadViewController.swift in Sources */ = {isa = PBXBuildFile; fileRef = DA28326522CD7A2F00027DBA /* UploadViewController.swift */; };
		DA28326F22CE2C5600027DBA /* ParallelRequestsViewController.swift in Sources */ = {isa = PBXBuildFile; fileRef = DA28326E22CE2C5600027DBA /* ParallelRequestsViewController.swift */; };
		DA28327222CE448E00027DBA /* CloudinaryApiManager.swift in Sources */ = {isa = PBXBuildFile; fileRef = DA28327122CE448E00027DBA /* CloudinaryApiManager.swift */; };
		DA28327622CE4D6900027DBA /* CloudinaryUploadErrorResponse.swift in Sources */ = {isa = PBXBuildFile; fileRef = DA28327522CE4D6900027DBA /* CloudinaryUploadErrorResponse.swift */; };
		DA28327822CE4D8600027DBA /* CloudinaryError.swift in Sources */ = {isa = PBXBuildFile; fileRef = DA28327722CE4D8600027DBA /* CloudinaryError.swift */; };
		DA28328D22D255D300027DBA /* DataDispatcherTests.swift in Sources */ = {isa = PBXBuildFile; fileRef = DA28328C22D255D300027DBA /* DataDispatcherTests.swift */; };
		DA2832FC22D85F6600027DBA /* URLExtensionTests.swift in Sources */ = {isa = PBXBuildFile; fileRef = DA2832FB22D85F6600027DBA /* URLExtensionTests.swift */; };
		DA28330422D867F800027DBA /* Endpoint.swift in Sources */ = {isa = PBXBuildFile; fileRef = DA28330322D867F800027DBA /* Endpoint.swift */; };
		DA28351522D8780600027DBA /* PerformanceTests.swift in Sources */ = {isa = PBXBuildFile; fileRef = DA28351422D8780600027DBA /* PerformanceTests.swift */; };
		DA28355622DE243E00027DBA /* RequestSerializerTests.swift in Sources */ = {isa = PBXBuildFile; fileRef = DA28355522DE243E00027DBA /* RequestSerializerTests.swift */; };
		DA53DAA62289DDA700722CD8 /* PiuPiu.framework in Frameworks */ = {isa = PBXBuildFile; fileRef = DA53DA9F2289DD8400722CD8 /* PiuPiu.framework */; };
		DA53DAA72289DDA700722CD8 /* PiuPiu.framework in Embed Frameworks */ = {isa = PBXBuildFile; fileRef = DA53DA9F2289DD8400722CD8 /* PiuPiu.framework */; settings = {ATTRIBUTES = (CodeSignOnCopy, RemoveHeadersOnCopy, ); }; };
		DA78758B226A756800A626AF /* Localizable.strings in Resources */ = {isa = PBXBuildFile; fileRef = DA78758A226A756800A626AF /* Localizable.strings */; };
		DA78758D226A759C00A626AF /* String+Extensions.swift in Sources */ = {isa = PBXBuildFile; fileRef = DA78758C226A759C00A626AF /* String+Extensions.swift */; };
		DA80072724CC930D00FAB3F9 /* UIColor+Extensions.swift in Sources */ = {isa = PBXBuildFile; fileRef = DA80072624CC930D00FAB3F9 /* UIColor+Extensions.swift */; };
		DAA9A83322C98D9200C126E5 /* DownloadViewController.swift in Sources */ = {isa = PBXBuildFile; fileRef = DAA9A83222C98D9200C126E5 /* DownloadViewController.swift */; };
		DAA9A83B22C9A7B700C126E5 /* MainViewController.swift in Sources */ = {isa = PBXBuildFile; fileRef = DAA9A83A22C9A7B700C126E5 /* MainViewController.swift */; };
		DAA9A84422C9ABA200C126E5 /* Cell.swift in Sources */ = {isa = PBXBuildFile; fileRef = DAA9A84322C9ABA200C126E5 /* Cell.swift */; };
		DAA9A84622CA62E800C126E5 /* BaseViewController.swift in Sources */ = {isa = PBXBuildFile; fileRef = DAA9A84522CA62E800C126E5 /* BaseViewController.swift */; };
		DAA9F54C2262369B002CDAAF /* Post.swift in Sources */ = {isa = PBXBuildFile; fileRef = DAA9F54B2262369B002CDAAF /* Post.swift */; };
		DAA9F54E226236DD002CDAAF /* User.swift in Sources */ = {isa = PBXBuildFile; fileRef = DAA9F54D226236DD002CDAAF /* User.swift */; };
		DAA9F552226241C4002CDAAF /* EncodingTests.swift in Sources */ = {isa = PBXBuildFile; fileRef = DAA9F551226241C4002CDAAF /* EncodingTests.swift */; };
		DAA9F56B22624A25002CDAAF /* DecodingTests.swift in Sources */ = {isa = PBXBuildFile; fileRef = DAA9F56A22624A25002CDAAF /* DecodingTests.swift */; };
		DAA9F56D22625B5B002CDAAF /* ResponseFutureTests.swift in Sources */ = {isa = PBXBuildFile; fileRef = DAA9F56C22625B5B002CDAAF /* ResponseFutureTests.swift */; };
		DAA9F5E52263D513002CDAAF /* TestHelper.swift in Sources */ = {isa = PBXBuildFile; fileRef = DAA9F5E42263D513002CDAAF /* TestHelper.swift */; };
		DAE5EF92221E345E00D1990B /* DocumentationExamples.swift in Sources */ = {isa = PBXBuildFile; fileRef = DAE5EF91221E345E00D1990B /* DocumentationExamples.swift */; };
/* End PBXBuildFile section */

/* Begin PBXContainerItemProxy section */
		DA53DA9E2289DD8400722CD8 /* PBXContainerItemProxy */ = {
			isa = PBXContainerItemProxy;
			containerPortal = DAA9F58822630365002CDAAF /* PiuPiu.xcodeproj */;
			proxyType = 2;
			remoteGlobalIDString = 8CC507E41ED35A8D00C19524;
			remoteInfo = "PiuPiu iOS";
		};
		DA53DAA02289DD8400722CD8 /* PBXContainerItemProxy */ = {
			isa = PBXContainerItemProxy;
			containerPortal = DAA9F58822630365002CDAAF /* PiuPiu.xcodeproj */;
			proxyType = 2;
			remoteGlobalIDString = DA1ED79F226A86760058EE26;
			remoteInfo = "PiuPiu tvOS";
		};
		DA53DAA22289DD8400722CD8 /* PBXContainerItemProxy */ = {
			isa = PBXContainerItemProxy;
			containerPortal = DAA9F58822630365002CDAAF /* PiuPiu.xcodeproj */;
			proxyType = 2;
			remoteGlobalIDString = DA1ED7BB226A87160058EE26;
			remoteInfo = "PiuPiu macOS";
		};
		DA53DAA42289DD8400722CD8 /* PBXContainerItemProxy */ = {
			isa = PBXContainerItemProxy;
			containerPortal = DAA9F58822630365002CDAAF /* PiuPiu.xcodeproj */;
			proxyType = 2;
			remoteGlobalIDString = DA1ED7C8226A878C0058EE26;
			remoteInfo = "PiuPiu watchOS";
		};
		DA53DAA82289DDA700722CD8 /* PBXContainerItemProxy */ = {
			isa = PBXContainerItemProxy;
			containerPortal = DAA9F58822630365002CDAAF /* PiuPiu.xcodeproj */;
			proxyType = 1;
			remoteGlobalIDString = 8CC507E31ED35A8D00C19524;
			remoteInfo = "PiuPiu iOS";
		};
		DAE5EF6A22190A0200D1990B /* PBXContainerItemProxy */ = {
			isa = PBXContainerItemProxy;
			containerPortal = 8CC508081ED35E7D00C19524 /* Project object */;
			proxyType = 1;
			remoteGlobalIDString = 8CC5080F1ED35E7D00C19524;
			remoteInfo = Example;
		};
/* End PBXContainerItemProxy section */

/* Begin PBXCopyFilesBuildPhase section */
		8CC508531ED35F7A00C19524 /* Embed Frameworks */ = {
			isa = PBXCopyFilesBuildPhase;
			buildActionMask = 2147483647;
			dstPath = "";
			dstSubfolderSpec = 10;
			files = (
				DA53DAA72289DDA700722CD8 /* PiuPiu.framework in Embed Frameworks */,
			);
			name = "Embed Frameworks";
			runOnlyForDeploymentPostprocessing = 0;
		};
/* End PBXCopyFilesBuildPhase section */

/* Begin PBXFileReference section */
		8CC508101ED35E7D00C19524 /* Example.app */ = {isa = PBXFileReference; explicitFileType = wrapper.application; includeInIndex = 0; path = Example.app; sourceTree = BUILT_PRODUCTS_DIR; };
		8CC508131ED35E7D00C19524 /* AppDelegate.swift */ = {isa = PBXFileReference; lastKnownFileType = sourcecode.swift; path = AppDelegate.swift; sourceTree = "<group>"; };
		8CC508151ED35E7D00C19524 /* SeriesRequestsViewController.swift */ = {isa = PBXFileReference; lastKnownFileType = sourcecode.swift; path = SeriesRequestsViewController.swift; sourceTree = "<group>"; };
		8CC5081A1ED35E7D00C19524 /* Assets.xcassets */ = {isa = PBXFileReference; lastKnownFileType = folder.assetcatalog; name = Assets.xcassets; path = Example/Assets.xcassets; sourceTree = "<group>"; };
		8CC5081D1ED35E7D00C19524 /* Base */ = {isa = PBXFileReference; lastKnownFileType = file.storyboard; name = Base; path = Base.lproj/LaunchScreen.storyboard; sourceTree = "<group>"; };
		8CC5081F1ED35E7D00C19524 /* Info.plist */ = {isa = PBXFileReference; lastKnownFileType = text.plist.xml; name = Info.plist; path = Example/Info.plist; sourceTree = "<group>"; };
		DA173AEF238F5EFC0045617E /* URLTransformTests.swift */ = {isa = PBXFileReference; lastKnownFileType = sourcecode.swift; path = URLTransformTests.swift; sourceTree = "<group>"; };
		DA173AF4238F60C20045617E /* KeyedDecodingContainerTests.swift */ = {isa = PBXFileReference; lastKnownFileType = sourcecode.swift; path = KeyedDecodingContainerTests.swift; sourceTree = "<group>"; };
		DA173AF6238F60D20045617E /* KeyedEncodingContainerTests.swift */ = {isa = PBXFileReference; lastKnownFileType = sourcecode.swift; path = KeyedEncodingContainerTests.swift; sourceTree = "<group>"; };
		DA173AFD238F72650045617E /* TimeZoneTransformTests.swift */ = {isa = PBXFileReference; lastKnownFileType = sourcecode.swift; path = TimeZoneTransformTests.swift; sourceTree = "<group>"; };
		DA173AFF238F747A0045617E /* DateTransformTests.swift */ = {isa = PBXFileReference; lastKnownFileType = sourcecode.swift; path = DateTransformTests.swift; sourceTree = "<group>"; };
		DA173B1A238F8B6A0045617E /* EmptyStringTransform.swift */ = {isa = PBXFileReference; lastKnownFileType = sourcecode.swift; path = EmptyStringTransform.swift; sourceTree = "<group>"; };
		DA28326522CD7A2F00027DBA /* UploadViewController.swift */ = {isa = PBXFileReference; lastKnownFileType = sourcecode.swift; path = UploadViewController.swift; sourceTree = "<group>"; };
		DA28326E22CE2C5600027DBA /* ParallelRequestsViewController.swift */ = {isa = PBXFileReference; lastKnownFileType = sourcecode.swift; path = ParallelRequestsViewController.swift; sourceTree = "<group>"; };
		DA28327122CE448E00027DBA /* CloudinaryApiManager.swift */ = {isa = PBXFileReference; lastKnownFileType = sourcecode.swift; path = CloudinaryApiManager.swift; sourceTree = "<group>"; };
		DA28327522CE4D6900027DBA /* CloudinaryUploadErrorResponse.swift */ = {isa = PBXFileReference; lastKnownFileType = sourcecode.swift; path = CloudinaryUploadErrorResponse.swift; sourceTree = "<group>"; };
		DA28327722CE4D8600027DBA /* CloudinaryError.swift */ = {isa = PBXFileReference; lastKnownFileType = sourcecode.swift; path = CloudinaryError.swift; sourceTree = "<group>"; };
		DA28328C22D255D300027DBA /* DataDispatcherTests.swift */ = {isa = PBXFileReference; lastKnownFileType = sourcecode.swift; path = DataDispatcherTests.swift; sourceTree = "<group>"; };
		DA2832FB22D85F6600027DBA /* URLExtensionTests.swift */ = {isa = PBXFileReference; lastKnownFileType = sourcecode.swift; path = URLExtensionTests.swift; sourceTree = "<group>"; };
		DA28330322D867F800027DBA /* Endpoint.swift */ = {isa = PBXFileReference; lastKnownFileType = sourcecode.swift; path = Endpoint.swift; sourceTree = "<group>"; };
		DA28351422D8780600027DBA /* PerformanceTests.swift */ = {isa = PBXFileReference; lastKnownFileType = sourcecode.swift; path = PerformanceTests.swift; sourceTree = "<group>"; };
		DA28355522DE243E00027DBA /* RequestSerializerTests.swift */ = {isa = PBXFileReference; lastKnownFileType = sourcecode.swift; path = RequestSerializerTests.swift; sourceTree = "<group>"; };
		DA53DA972289DD1E00722CD8 /* PiuPiu.podspec */ = {isa = PBXFileReference; lastKnownFileType = text; name = PiuPiu.podspec; path = ../PiuPiu.podspec; sourceTree = "<group>"; };
		DA53DAAA2289DE3300722CD8 /* README.md */ = {isa = PBXFileReference; lastKnownFileType = net.daringfireball.markdown; name = README.md; path = ../README.md; sourceTree = "<group>"; };
		DA78758A226A756800A626AF /* Localizable.strings */ = {isa = PBXFileReference; lastKnownFileType = text.plist.strings; name = Localizable.strings; path = Example/Localizable.strings; sourceTree = "<group>"; };
		DA78758C226A759C00A626AF /* String+Extensions.swift */ = {isa = PBXFileReference; lastKnownFileType = sourcecode.swift; path = "String+Extensions.swift"; sourceTree = "<group>"; };
		DA80072624CC930D00FAB3F9 /* UIColor+Extensions.swift */ = {isa = PBXFileReference; lastKnownFileType = sourcecode.swift; path = "UIColor+Extensions.swift"; sourceTree = "<group>"; };
		DAA9A83222C98D9200C126E5 /* DownloadViewController.swift */ = {isa = PBXFileReference; lastKnownFileType = sourcecode.swift; path = DownloadViewController.swift; sourceTree = "<group>"; };
		DAA9A83A22C9A7B700C126E5 /* MainViewController.swift */ = {isa = PBXFileReference; lastKnownFileType = sourcecode.swift; path = MainViewController.swift; sourceTree = "<group>"; };
		DAA9A84322C9ABA200C126E5 /* Cell.swift */ = {isa = PBXFileReference; lastKnownFileType = sourcecode.swift; path = Cell.swift; sourceTree = "<group>"; };
		DAA9A84522CA62E800C126E5 /* BaseViewController.swift */ = {isa = PBXFileReference; lastKnownFileType = sourcecode.swift; path = BaseViewController.swift; sourceTree = "<group>"; };
		DAA9F54B2262369B002CDAAF /* Post.swift */ = {isa = PBXFileReference; lastKnownFileType = sourcecode.swift; path = Post.swift; sourceTree = "<group>"; };
		DAA9F54D226236DD002CDAAF /* User.swift */ = {isa = PBXFileReference; lastKnownFileType = sourcecode.swift; path = User.swift; sourceTree = "<group>"; };
		DAA9F551226241C4002CDAAF /* EncodingTests.swift */ = {isa = PBXFileReference; lastKnownFileType = sourcecode.swift; path = EncodingTests.swift; sourceTree = "<group>"; };
		DAA9F56A22624A25002CDAAF /* DecodingTests.swift */ = {isa = PBXFileReference; lastKnownFileType = sourcecode.swift; path = DecodingTests.swift; sourceTree = "<group>"; };
		DAA9F56C22625B5B002CDAAF /* ResponseFutureTests.swift */ = {isa = PBXFileReference; lastKnownFileType = sourcecode.swift; path = ResponseFutureTests.swift; sourceTree = "<group>"; };
		DAA9F58822630365002CDAAF /* PiuPiu.xcodeproj */ = {isa = PBXFileReference; lastKnownFileType = "wrapper.pb-project"; name = PiuPiu.xcodeproj; path = ../PiuPiu.xcodeproj; sourceTree = "<group>"; };
		DAA9F5E42263D513002CDAAF /* TestHelper.swift */ = {isa = PBXFileReference; lastKnownFileType = sourcecode.swift; path = TestHelper.swift; sourceTree = "<group>"; };
		DAD58BCB23ECCAA70009E425 /* Example.entitlements */ = {isa = PBXFileReference; lastKnownFileType = text.plist.entitlements; name = Example.entitlements; path = Example/Example.entitlements; sourceTree = "<group>"; };
		DAE5EF6522190A0100D1990B /* PewPewTests.xctest */ = {isa = PBXFileReference; explicitFileType = wrapper.cfbundle; includeInIndex = 0; path = PewPewTests.xctest; sourceTree = BUILT_PRODUCTS_DIR; };
		DAE5EF6922190A0200D1990B /* Info.plist */ = {isa = PBXFileReference; lastKnownFileType = text.plist.xml; path = Info.plist; sourceTree = "<group>"; };
		DAE5EF91221E345E00D1990B /* DocumentationExamples.swift */ = {isa = PBXFileReference; lastKnownFileType = sourcecode.swift; path = DocumentationExamples.swift; sourceTree = "<group>"; };
/* End PBXFileReference section */

/* Begin PBXFrameworksBuildPhase section */
		8CC5080D1ED35E7D00C19524 /* Frameworks */ = {
			isa = PBXFrameworksBuildPhase;
			buildActionMask = 2147483647;
			files = (
				DA53DAA62289DDA700722CD8 /* PiuPiu.framework in Frameworks */,
			);
			runOnlyForDeploymentPostprocessing = 0;
		};
		DAE5EF6222190A0100D1990B /* Frameworks */ = {
			isa = PBXFrameworksBuildPhase;
			buildActionMask = 2147483647;
			files = (
			);
			runOnlyForDeploymentPostprocessing = 0;
		};
/* End PBXFrameworksBuildPhase section */

/* Begin PBXGroup section */
		8CC508071ED35E7D00C19524 = {
			isa = PBXGroup;
			children = (
				DAD58BCB23ECCAA70009E425 /* Example.entitlements */,
				DAA9F58822630365002CDAAF /* PiuPiu.xcodeproj */,
				8CC508121ED35E7D00C19524 /* Source */,
				DAA9F5862262E47C002CDAAF /* Supporting Files */,
				DAE5EF6622190A0200D1990B /* PewPewTests */,
				8CC508111ED35E7D00C19524 /* Products */,
				DADDFF601FEF2631005FEC56 /* Frameworks */,
			);
			sourceTree = "<group>";
		};
		8CC508111ED35E7D00C19524 /* Products */ = {
			isa = PBXGroup;
			children = (
				8CC508101ED35E7D00C19524 /* Example.app */,
				DAE5EF6522190A0100D1990B /* PewPewTests.xctest */,
			);
			name = Products;
			sourceTree = "<group>";
		};
		8CC508121ED35E7D00C19524 /* Source */ = {
			isa = PBXGroup;
			children = (
				DA80072224CC92FC00FAB3F9 /* Extensions */,
				DA28327022CE447E00027DBA /* API */,
				DAA9A84222C9AB5900C126E5 /* View Controllers */,
				DA787581226A73AA00A626AF /* Errors */,
				DAA9F5482262365C002CDAAF /* Models */,
				8CC508131ED35E7D00C19524 /* AppDelegate.swift */,
				DAA9A84322C9ABA200C126E5 /* Cell.swift */,
			);
			name = Source;
			path = Example;
			sourceTree = "<group>";
		};
		DA28327022CE447E00027DBA /* API */ = {
			isa = PBXGroup;
			children = (
				DA28327122CE448E00027DBA /* CloudinaryApiManager.swift */,
				DA28330322D867F800027DBA /* Endpoint.swift */,
			);
			path = API;
			sourceTree = "<group>";
		};
		DA53DA982289DD8400722CD8 /* Products */ = {
			isa = PBXGroup;
			children = (
				DA53DA9F2289DD8400722CD8 /* PiuPiu.framework */,
				DA53DAA12289DD8400722CD8 /* PiuPiu.framework */,
				DA53DAA32289DD8400722CD8 /* PiuPiu.framework */,
				DA53DAA52289DD8400722CD8 /* PiuPiu.framework */,
			);
			name = Products;
			sourceTree = "<group>";
		};
		DA787581226A73AA00A626AF /* Errors */ = {
			isa = PBXGroup;
			children = (
				DA78758C226A759C00A626AF /* String+Extensions.swift */,
				DA28327522CE4D6900027DBA /* CloudinaryUploadErrorResponse.swift */,
				DA28327722CE4D8600027DBA /* CloudinaryError.swift */,
			);
			path = Errors;
			sourceTree = "<group>";
		};
		DA80072224CC92FC00FAB3F9 /* Extensions */ = {
			isa = PBXGroup;
			children = (
				DA80072624CC930D00FAB3F9 /* UIColor+Extensions.swift */,
			);
			path = Extensions;
			sourceTree = "<group>";
		};
		DAA9A84222C9AB5900C126E5 /* View Controllers */ = {
			isa = PBXGroup;
			children = (
				DAA9A84522CA62E800C126E5 /* BaseViewController.swift */,
				DAA9A83A22C9A7B700C126E5 /* MainViewController.swift */,
				DAA9A83222C98D9200C126E5 /* DownloadViewController.swift */,
				DA28326522CD7A2F00027DBA /* UploadViewController.swift */,
				8CC508151ED35E7D00C19524 /* SeriesRequestsViewController.swift */,
				DA28326E22CE2C5600027DBA /* ParallelRequestsViewController.swift */,
			);
			path = "View Controllers";
			sourceTree = "<group>";
		};
		DAA9F5482262365C002CDAAF /* Models */ = {
			isa = PBXGroup;
			children = (
				DAA9F54B2262369B002CDAAF /* Post.swift */,
				DAA9F54D226236DD002CDAAF /* User.swift */,
			);
			path = Models;
			sourceTree = "<group>";
		};
		DAA9F5862262E47C002CDAAF /* Supporting Files */ = {
			isa = PBXGroup;
			children = (
				DA53DAAA2289DE3300722CD8 /* README.md */,
				DA53DA972289DD1E00722CD8 /* PiuPiu.podspec */,
				8CC5081A1ED35E7D00C19524 /* Assets.xcassets */,
				8CC5081C1ED35E7D00C19524 /* LaunchScreen.storyboard */,
				8CC5081F1ED35E7D00C19524 /* Info.plist */,
				DA78758A226A756800A626AF /* Localizable.strings */,
			);
			name = "Supporting Files";
			sourceTree = "<group>";
		};
		DADDFF601FEF2631005FEC56 /* Frameworks */ = {
			isa = PBXGroup;
			children = (
			);
			name = Frameworks;
			sourceTree = "<group>";
		};
		DAE5EF6622190A0200D1990B /* PewPewTests */ = {
			isa = PBXGroup;
			children = (
				DA28355522DE243E00027DBA /* RequestSerializerTests.swift */,
				DA28351422D8780600027DBA /* PerformanceTests.swift */,
				DA2832FB22D85F6600027DBA /* URLExtensionTests.swift */,
				DA28328C22D255D300027DBA /* DataDispatcherTests.swift */,
				DAA9F56C22625B5B002CDAAF /* ResponseFutureTests.swift */,
				DAA9F56A22624A25002CDAAF /* DecodingTests.swift */,
				DAA9F551226241C4002CDAAF /* EncodingTests.swift */,
				DAE5EF91221E345E00D1990B /* DocumentationExamples.swift */,
				DAE5EF6922190A0200D1990B /* Info.plist */,
				DAA9F5E42263D513002CDAAF /* TestHelper.swift */,
				DA173AEF238F5EFC0045617E /* URLTransformTests.swift */,
				DA173AF4238F60C20045617E /* KeyedDecodingContainerTests.swift */,
				DA173AF6238F60D20045617E /* KeyedEncodingContainerTests.swift */,
				DA173AFD238F72650045617E /* TimeZoneTransformTests.swift */,
				DA173AFF238F747A0045617E /* DateTransformTests.swift */,
				DA173B1A238F8B6A0045617E /* EmptyStringTransform.swift */,
			);
			path = PewPewTests;
			sourceTree = "<group>";
		};
/* End PBXGroup section */

/* Begin PBXNativeTarget section */
		8CC5080F1ED35E7D00C19524 /* Example */ = {
			isa = PBXNativeTarget;
			buildConfigurationList = 8CC508381ED35E7E00C19524 /* Build configuration list for PBXNativeTarget "Example" */;
			buildPhases = (
				8CC5080C1ED35E7D00C19524 /* Sources */,
				8CC5080D1ED35E7D00C19524 /* Frameworks */,
				8CC5080E1ED35E7D00C19524 /* Resources */,
				8CC508531ED35F7A00C19524 /* Embed Frameworks */,
			);
			buildRules = (
			);
			dependencies = (
				DA53DAA92289DDA700722CD8 /* PBXTargetDependency */,
			);
			name = Example;
			productName = Example;
			productReference = 8CC508101ED35E7D00C19524 /* Example.app */;
			productType = "com.apple.product-type.application";
		};
		DAE5EF6422190A0100D1990B /* PewPewTests */ = {
			isa = PBXNativeTarget;
			buildConfigurationList = DAE5EF6C22190A0200D1990B /* Build configuration list for PBXNativeTarget "PewPewTests" */;
			buildPhases = (
				DAE5EF6122190A0100D1990B /* Sources */,
				DAE5EF6222190A0100D1990B /* Frameworks */,
				DAE5EF6322190A0100D1990B /* Resources */,
			);
			buildRules = (
			);
			dependencies = (
				DAE5EF6B22190A0200D1990B /* PBXTargetDependency */,
			);
			name = PewPewTests;
			productName = NetworkKitTests;
			productReference = DAE5EF6522190A0100D1990B /* PewPewTests.xctest */;
			productType = "com.apple.product-type.bundle.unit-test";
		};
/* End PBXNativeTarget section */

/* Begin PBXProject section */
		8CC508081ED35E7D00C19524 /* Project object */ = {
			isa = PBXProject;
			attributes = {
				LastSwiftUpdateCheck = 1010;
				LastUpgradeCheck = 1200;
				ORGANIZATIONNAME = "Jacob Sikorski";
				TargetAttributes = {
					8CC5080F1ED35E7D00C19524 = {
						CreatedOnToolsVersion = 8.3.2;
						DevelopmentTeam = 5P99QDD6WR;
						ProvisioningStyle = Automatic;
					};
					DAE5EF6422190A0100D1990B = {
						CreatedOnToolsVersion = 10.1;
						DevelopmentTeam = 5P99QDD6WR;
						ProvisioningStyle = Automatic;
						TestTargetID = 8CC5080F1ED35E7D00C19524;
					};
				};
			};
			buildConfigurationList = 8CC5080B1ED35E7D00C19524 /* Build configuration list for PBXProject "Example" */;
			compatibilityVersion = "Xcode 3.2";
			developmentRegion = en;
			hasScannedForEncodings = 0;
			knownRegions = (
				en,
				Base,
			);
			mainGroup = 8CC508071ED35E7D00C19524;
			productRefGroup = 8CC508111ED35E7D00C19524 /* Products */;
			projectDirPath = "";
			projectReferences = (
				{
					ProductGroup = DA53DA982289DD8400722CD8 /* Products */;
					ProjectRef = DAA9F58822630365002CDAAF /* PiuPiu.xcodeproj */;
				},
			);
			projectRoot = "";
			targets = (
				8CC5080F1ED35E7D00C19524 /* Example */,
				DAE5EF6422190A0100D1990B /* PewPewTests */,
			);
		};
/* End PBXProject section */

/* Begin PBXReferenceProxy section */
		DA53DA9F2289DD8400722CD8 /* PiuPiu.framework */ = {
			isa = PBXReferenceProxy;
			fileType = wrapper.framework;
			path = PiuPiu.framework;
			remoteRef = DA53DA9E2289DD8400722CD8 /* PBXContainerItemProxy */;
			sourceTree = BUILT_PRODUCTS_DIR;
		};
		DA53DAA12289DD8400722CD8 /* PiuPiu.framework */ = {
			isa = PBXReferenceProxy;
			fileType = wrapper.framework;
			path = PiuPiu.framework;
			remoteRef = DA53DAA02289DD8400722CD8 /* PBXContainerItemProxy */;
			sourceTree = BUILT_PRODUCTS_DIR;
		};
		DA53DAA32289DD8400722CD8 /* PiuPiu.framework */ = {
			isa = PBXReferenceProxy;
			fileType = wrapper.framework;
			path = PiuPiu.framework;
			remoteRef = DA53DAA22289DD8400722CD8 /* PBXContainerItemProxy */;
			sourceTree = BUILT_PRODUCTS_DIR;
		};
		DA53DAA52289DD8400722CD8 /* PiuPiu.framework */ = {
			isa = PBXReferenceProxy;
			fileType = wrapper.framework;
			path = PiuPiu.framework;
			remoteRef = DA53DAA42289DD8400722CD8 /* PBXContainerItemProxy */;
			sourceTree = BUILT_PRODUCTS_DIR;
		};
/* End PBXReferenceProxy section */

/* Begin PBXResourcesBuildPhase section */
		8CC5080E1ED35E7D00C19524 /* Resources */ = {
			isa = PBXResourcesBuildPhase;
			buildActionMask = 2147483647;
			files = (
				8CC5081E1ED35E7D00C19524 /* LaunchScreen.storyboard in Resources */,
				DA78758B226A756800A626AF /* Localizable.strings in Resources */,
				8CC5081B1ED35E7D00C19524 /* Assets.xcassets in Resources */,
			);
			runOnlyForDeploymentPostprocessing = 0;
		};
		DAE5EF6322190A0100D1990B /* Resources */ = {
			isa = PBXResourcesBuildPhase;
			buildActionMask = 2147483647;
			files = (
			);
			runOnlyForDeploymentPostprocessing = 0;
		};
/* End PBXResourcesBuildPhase section */

/* Begin PBXSourcesBuildPhase section */
		8CC5080C1ED35E7D00C19524 /* Sources */ = {
			isa = PBXSourcesBuildPhase;
			buildActionMask = 2147483647;
			files = (
				8CC508161ED35E7D00C19524 /* SeriesRequestsViewController.swift in Sources */,
				DA28326622CD7A2F00027DBA /* UploadViewController.swift in Sources */,
				DAA9A84622CA62E800C126E5 /* BaseViewController.swift in Sources */,
				DA28327622CE4D6900027DBA /* CloudinaryUploadErrorResponse.swift in Sources */,
				DAA9A84422C9ABA200C126E5 /* Cell.swift in Sources */,
				DA28327822CE4D8600027DBA /* CloudinaryError.swift in Sources */,
				DA80072724CC930D00FAB3F9 /* UIColor+Extensions.swift in Sources */,
				8CC508141ED35E7D00C19524 /* AppDelegate.swift in Sources */,
				DAA9A83B22C9A7B700C126E5 /* MainViewController.swift in Sources */,
				DAA9F54E226236DD002CDAAF /* User.swift in Sources */,
				DA78758D226A759C00A626AF /* String+Extensions.swift in Sources */,
				DA28327222CE448E00027DBA /* CloudinaryApiManager.swift in Sources */,
				DA28330422D867F800027DBA /* Endpoint.swift in Sources */,
				DAA9F54C2262369B002CDAAF /* Post.swift in Sources */,
				DA28326F22CE2C5600027DBA /* ParallelRequestsViewController.swift in Sources */,
				DAA9A83322C98D9200C126E5 /* DownloadViewController.swift in Sources */,
			);
			runOnlyForDeploymentPostprocessing = 0;
		};
		DAE5EF6122190A0100D1990B /* Sources */ = {
			isa = PBXSourcesBuildPhase;
			buildActionMask = 2147483647;
			files = (
				DA28355622DE243E00027DBA /* RequestSerializerTests.swift in Sources */,
				DA28328D22D255D300027DBA /* DataDispatcherTests.swift in Sources */,
				DAA9F56B22624A25002CDAAF /* DecodingTests.swift in Sources */,
				DAA9F56D22625B5B002CDAAF /* ResponseFutureTests.swift in Sources */,
				DAA9F5E52263D513002CDAAF /* TestHelper.swift in Sources */,
				DA173AFE238F72650045617E /* TimeZoneTransformTests.swift in Sources */,
				DA173B1B238F8B6A0045617E /* EmptyStringTransform.swift in Sources */,
				DA173B00238F747A0045617E /* DateTransformTests.swift in Sources */,
				DA2832FC22D85F6600027DBA /* URLExtensionTests.swift in Sources */,
				DA173AF5238F60C20045617E /* KeyedDecodingContainerTests.swift in Sources */,
				DAA9F552226241C4002CDAAF /* EncodingTests.swift in Sources */,
				DAE5EF92221E345E00D1990B /* DocumentationExamples.swift in Sources */,
				DA28351522D8780600027DBA /* PerformanceTests.swift in Sources */,
				DA173AF7238F60D20045617E /* KeyedEncodingContainerTests.swift in Sources */,
				DA173AF0238F5EFC0045617E /* URLTransformTests.swift in Sources */,
			);
			runOnlyForDeploymentPostprocessing = 0;
		};
/* End PBXSourcesBuildPhase section */

/* Begin PBXTargetDependency section */
		DA53DAA92289DDA700722CD8 /* PBXTargetDependency */ = {
			isa = PBXTargetDependency;
			name = "PiuPiu iOS";
			targetProxy = DA53DAA82289DDA700722CD8 /* PBXContainerItemProxy */;
		};
		DAE5EF6B22190A0200D1990B /* PBXTargetDependency */ = {
			isa = PBXTargetDependency;
			target = 8CC5080F1ED35E7D00C19524 /* Example */;
			targetProxy = DAE5EF6A22190A0200D1990B /* PBXContainerItemProxy */;
		};
/* End PBXTargetDependency section */

/* Begin PBXVariantGroup section */
		8CC5081C1ED35E7D00C19524 /* LaunchScreen.storyboard */ = {
			isa = PBXVariantGroup;
			children = (
				8CC5081D1ED35E7D00C19524 /* Base */,
			);
			name = LaunchScreen.storyboard;
			sourceTree = "<group>";
		};
/* End PBXVariantGroup section */

/* Begin XCBuildConfiguration section */
		8CC508361ED35E7E00C19524 /* Debug */ = {
			isa = XCBuildConfiguration;
			buildSettings = {
				ALWAYS_SEARCH_USER_PATHS = NO;
				CLANG_ANALYZER_LOCALIZABILITY_NONLOCALIZED = YES;
				CLANG_ANALYZER_NONNULL = YES;
				CLANG_ANALYZER_NUMBER_OBJECT_CONVERSION = YES_AGGRESSIVE;
				CLANG_CXX_LANGUAGE_STANDARD = "gnu++0x";
				CLANG_CXX_LIBRARY = "libc++";
				CLANG_ENABLE_MODULES = YES;
				CLANG_ENABLE_OBJC_ARC = YES;
				CLANG_WARN_BLOCK_CAPTURE_AUTORELEASING = YES;
				CLANG_WARN_BOOL_CONVERSION = YES;
				CLANG_WARN_COMMA = YES;
				CLANG_WARN_CONSTANT_CONVERSION = YES;
				CLANG_WARN_DEPRECATED_OBJC_IMPLEMENTATIONS = YES;
				CLANG_WARN_DIRECT_OBJC_ISA_USAGE = YES_ERROR;
				CLANG_WARN_DOCUMENTATION_COMMENTS = YES;
				CLANG_WARN_EMPTY_BODY = YES;
				CLANG_WARN_ENUM_CONVERSION = YES;
				CLANG_WARN_INFINITE_RECURSION = YES;
				CLANG_WARN_INT_CONVERSION = YES;
				CLANG_WARN_NON_LITERAL_NULL_CONVERSION = YES;
				CLANG_WARN_OBJC_IMPLICIT_RETAIN_SELF = YES;
				CLANG_WARN_OBJC_LITERAL_CONVERSION = YES;
				CLANG_WARN_OBJC_ROOT_CLASS = YES_ERROR;
				CLANG_WARN_QUOTED_INCLUDE_IN_FRAMEWORK_HEADER = YES;
				CLANG_WARN_RANGE_LOOP_ANALYSIS = YES;
				CLANG_WARN_STRICT_PROTOTYPES = YES;
				CLANG_WARN_SUSPICIOUS_MOVE = YES;
				CLANG_WARN_UNREACHABLE_CODE = YES;
				CLANG_WARN__DUPLICATE_METHOD_MATCH = YES;
				"CODE_SIGN_IDENTITY[sdk=iphoneos*]" = "iPhone Developer";
				COPY_PHASE_STRIP = NO;
				DEBUG_INFORMATION_FORMAT = dwarf;
				ENABLE_STRICT_OBJC_MSGSEND = YES;
				ENABLE_TESTABILITY = YES;
				GCC_C_LANGUAGE_STANDARD = gnu99;
				GCC_DYNAMIC_NO_PIC = NO;
				GCC_NO_COMMON_BLOCKS = YES;
				GCC_OPTIMIZATION_LEVEL = 0;
				GCC_PREPROCESSOR_DEFINITIONS = (
					"DEBUG=1",
					"$(inherited)",
				);
				GCC_WARN_64_TO_32_BIT_CONVERSION = YES;
				GCC_WARN_ABOUT_RETURN_TYPE = YES_ERROR;
				GCC_WARN_UNDECLARED_SELECTOR = YES;
				GCC_WARN_UNINITIALIZED_AUTOS = YES_AGGRESSIVE;
				GCC_WARN_UNUSED_FUNCTION = YES;
				GCC_WARN_UNUSED_VARIABLE = YES;
				IPHONEOS_DEPLOYMENT_TARGET = 10.3;
				MTL_ENABLE_DEBUG_INFO = YES;
				ONLY_ACTIVE_ARCH = YES;
				SDKROOT = iphoneos;
				SWIFT_ACTIVE_COMPILATION_CONDITIONS = DEBUG;
				SWIFT_OPTIMIZATION_LEVEL = "-Onone";
				TARGETED_DEVICE_FAMILY = "1,2";
			};
			name = Debug;
		};
		8CC508371ED35E7E00C19524 /* Release */ = {
			isa = XCBuildConfiguration;
			buildSettings = {
				ALWAYS_SEARCH_USER_PATHS = NO;
				CLANG_ANALYZER_LOCALIZABILITY_NONLOCALIZED = YES;
				CLANG_ANALYZER_NONNULL = YES;
				CLANG_ANALYZER_NUMBER_OBJECT_CONVERSION = YES_AGGRESSIVE;
				CLANG_CXX_LANGUAGE_STANDARD = "gnu++0x";
				CLANG_CXX_LIBRARY = "libc++";
				CLANG_ENABLE_MODULES = YES;
				CLANG_ENABLE_OBJC_ARC = YES;
				CLANG_WARN_BLOCK_CAPTURE_AUTORELEASING = YES;
				CLANG_WARN_BOOL_CONVERSION = YES;
				CLANG_WARN_COMMA = YES;
				CLANG_WARN_CONSTANT_CONVERSION = YES;
				CLANG_WARN_DEPRECATED_OBJC_IMPLEMENTATIONS = YES;
				CLANG_WARN_DIRECT_OBJC_ISA_USAGE = YES_ERROR;
				CLANG_WARN_DOCUMENTATION_COMMENTS = YES;
				CLANG_WARN_EMPTY_BODY = YES;
				CLANG_WARN_ENUM_CONVERSION = YES;
				CLANG_WARN_INFINITE_RECURSION = YES;
				CLANG_WARN_INT_CONVERSION = YES;
				CLANG_WARN_NON_LITERAL_NULL_CONVERSION = YES;
				CLANG_WARN_OBJC_IMPLICIT_RETAIN_SELF = YES;
				CLANG_WARN_OBJC_LITERAL_CONVERSION = YES;
				CLANG_WARN_OBJC_ROOT_CLASS = YES_ERROR;
				CLANG_WARN_QUOTED_INCLUDE_IN_FRAMEWORK_HEADER = YES;
				CLANG_WARN_RANGE_LOOP_ANALYSIS = YES;
				CLANG_WARN_STRICT_PROTOTYPES = YES;
				CLANG_WARN_SUSPICIOUS_MOVE = YES;
				CLANG_WARN_UNREACHABLE_CODE = YES;
				CLANG_WARN__DUPLICATE_METHOD_MATCH = YES;
				"CODE_SIGN_IDENTITY[sdk=iphoneos*]" = "iPhone Developer";
				COPY_PHASE_STRIP = NO;
				DEBUG_INFORMATION_FORMAT = "dwarf-with-dsym";
				ENABLE_NS_ASSERTIONS = NO;
				ENABLE_STRICT_OBJC_MSGSEND = YES;
				GCC_C_LANGUAGE_STANDARD = gnu99;
				GCC_NO_COMMON_BLOCKS = YES;
				GCC_WARN_64_TO_32_BIT_CONVERSION = YES;
				GCC_WARN_ABOUT_RETURN_TYPE = YES_ERROR;
				GCC_WARN_UNDECLARED_SELECTOR = YES;
				GCC_WARN_UNINITIALIZED_AUTOS = YES_AGGRESSIVE;
				GCC_WARN_UNUSED_FUNCTION = YES;
				GCC_WARN_UNUSED_VARIABLE = YES;
				IPHONEOS_DEPLOYMENT_TARGET = 10.3;
				MTL_ENABLE_DEBUG_INFO = NO;
				SDKROOT = iphoneos;
				SWIFT_OPTIMIZATION_LEVEL = "-Owholemodule";
				TARGETED_DEVICE_FAMILY = "1,2";
				VALIDATE_PRODUCT = YES;
			};
			name = Release;
		};
		8CC508391ED35E7E00C19524 /* Debug */ = {
			isa = XCBuildConfiguration;
			buildSettings = {
				ALWAYS_EMBED_SWIFT_STANDARD_LIBRARIES = YES;
				ASSETCATALOG_COMPILER_APPICON_NAME = AppIcon;
				CODE_SIGN_ENTITLEMENTS = Example/Example.entitlements;
				DERIVE_MACCATALYST_PRODUCT_BUNDLE_IDENTIFIER = YES;
				DEVELOPMENT_TEAM = 5P99QDD6WR;
				FRAMEWORK_SEARCH_PATHS = (
					"$(inherited)",
					"$(PROJECT_DIR)/Carthage/Build/iOS",
				);
				INFOPLIST_FILE = Example/Info.plist;
				IPHONEOS_DEPLOYMENT_TARGET = 11.0;
				LD_RUNPATH_SEARCH_PATHS = "$(inherited) @executable_path/Frameworks";
				MARKETING_VERSION = 1.5.2;
				PRODUCT_BUNDLE_IDENTIFIER = com.jacobsikorski.PiuPiu.Example;
				PRODUCT_NAME = "$(TARGET_NAME)";
				SUPPORTS_MACCATALYST = YES;
				SWIFT_VERSION = 5.0;
				TARGETED_DEVICE_FAMILY = "1,2,6";
			};
			name = Debug;
		};
		8CC5083A1ED35E7E00C19524 /* Release */ = {
			isa = XCBuildConfiguration;
			buildSettings = {
				ALWAYS_EMBED_SWIFT_STANDARD_LIBRARIES = YES;
				ASSETCATALOG_COMPILER_APPICON_NAME = AppIcon;
				CODE_SIGN_ENTITLEMENTS = Example/Example.entitlements;
				DERIVE_MACCATALYST_PRODUCT_BUNDLE_IDENTIFIER = YES;
				DEVELOPMENT_TEAM = 5P99QDD6WR;
				FRAMEWORK_SEARCH_PATHS = (
					"$(inherited)",
					"$(PROJECT_DIR)/Carthage/Build/iOS",
				);
				INFOPLIST_FILE = Example/Info.plist;
				IPHONEOS_DEPLOYMENT_TARGET = 11.0;
				LD_RUNPATH_SEARCH_PATHS = "$(inherited) @executable_path/Frameworks";
				MARKETING_VERSION = 1.5.2;
				PRODUCT_BUNDLE_IDENTIFIER = com.jacobsikorski.PiuPiu.Example;
				PRODUCT_NAME = "$(TARGET_NAME)";
				SUPPORTS_MACCATALYST = YES;
				SWIFT_VERSION = 5.0;
				TARGETED_DEVICE_FAMILY = "1,2,6";
			};
			name = Release;
		};
		DAE5EF6D22190A0200D1990B /* Debug */ = {
			isa = XCBuildConfiguration;
			buildSettings = {
				BUNDLE_LOADER = "$(TEST_HOST)";
				CLANG_CXX_LANGUAGE_STANDARD = "gnu++14";
				CLANG_ENABLE_OBJC_WEAK = YES;
				CLANG_WARN_BLOCK_CAPTURE_AUTORELEASING = YES;
				CLANG_WARN_COMMA = YES;
				CLANG_WARN_DEPRECATED_OBJC_IMPLEMENTATIONS = YES;
				CLANG_WARN_NON_LITERAL_NULL_CONVERSION = YES;
				CLANG_WARN_OBJC_IMPLICIT_RETAIN_SELF = YES;
				CLANG_WARN_OBJC_LITERAL_CONVERSION = YES;
				CLANG_WARN_RANGE_LOOP_ANALYSIS = YES;
				CLANG_WARN_STRICT_PROTOTYPES = YES;
				CLANG_WARN_UNGUARDED_AVAILABILITY = YES_AGGRESSIVE;
				CODE_SIGN_IDENTITY = "iPhone Developer";
				CODE_SIGN_STYLE = Automatic;
				DEVELOPMENT_TEAM = 5P99QDD6WR;
				GCC_C_LANGUAGE_STANDARD = gnu11;
				INFOPLIST_FILE = PewPewTests/Info.plist;
				IPHONEOS_DEPLOYMENT_TARGET = 12.1;
				LD_RUNPATH_SEARCH_PATHS = "$(inherited) @executable_path/Frameworks @loader_path/Frameworks";
				MTL_ENABLE_DEBUG_INFO = INCLUDE_SOURCE;
				MTL_FAST_MATH = YES;
				PRODUCT_BUNDLE_IDENTIFIER = com.jacobsikorski.PewPewTests;
				PRODUCT_NAME = "$(TARGET_NAME)";
				SWIFT_VERSION = 5.0;
				TARGETED_DEVICE_FAMILY = "1,2";
				TEST_HOST = "$(BUILT_PRODUCTS_DIR)/Example.app/Example";
			};
			name = Debug;
		};
		DAE5EF6E22190A0200D1990B /* Release */ = {
			isa = XCBuildConfiguration;
			buildSettings = {
				BUNDLE_LOADER = "$(TEST_HOST)";
				CLANG_CXX_LANGUAGE_STANDARD = "gnu++14";
				CLANG_ENABLE_OBJC_WEAK = YES;
				CLANG_WARN_BLOCK_CAPTURE_AUTORELEASING = YES;
				CLANG_WARN_COMMA = YES;
				CLANG_WARN_DEPRECATED_OBJC_IMPLEMENTATIONS = YES;
				CLANG_WARN_NON_LITERAL_NULL_CONVERSION = YES;
				CLANG_WARN_OBJC_IMPLICIT_RETAIN_SELF = YES;
				CLANG_WARN_OBJC_LITERAL_CONVERSION = YES;
				CLANG_WARN_RANGE_LOOP_ANALYSIS = YES;
				CLANG_WARN_STRICT_PROTOTYPES = YES;
				CLANG_WARN_UNGUARDED_AVAILABILITY = YES_AGGRESSIVE;
				CODE_SIGN_IDENTITY = "iPhone Developer";
				CODE_SIGN_STYLE = Automatic;
				DEVELOPMENT_TEAM = 5P99QDD6WR;
				GCC_C_LANGUAGE_STANDARD = gnu11;
				INFOPLIST_FILE = PewPewTests/Info.plist;
				IPHONEOS_DEPLOYMENT_TARGET = 12.1;
				LD_RUNPATH_SEARCH_PATHS = "$(inherited) @executable_path/Frameworks @loader_path/Frameworks";
				MTL_FAST_MATH = YES;
				PRODUCT_BUNDLE_IDENTIFIER = com.jacobsikorski.PewPewTests;
				PRODUCT_NAME = "$(TARGET_NAME)";
				SWIFT_VERSION = 5.0;
				TARGETED_DEVICE_FAMILY = "1,2";
				TEST_HOST = "$(BUILT_PRODUCTS_DIR)/Example.app/Example";
			};
			name = Release;
		};
/* End XCBuildConfiguration section */

/* Begin XCConfigurationList section */
		8CC5080B1ED35E7D00C19524 /* Build configuration list for PBXProject "Example" */ = {
			isa = XCConfigurationList;
			buildConfigurations = (
				8CC508361ED35E7E00C19524 /* Debug */,
				8CC508371ED35E7E00C19524 /* Release */,
			);
			defaultConfigurationIsVisible = 0;
			defaultConfigurationName = Release;
		};
		8CC508381ED35E7E00C19524 /* Build configuration list for PBXNativeTarget "Example" */ = {
			isa = XCConfigurationList;
			buildConfigurations = (
				8CC508391ED35E7E00C19524 /* Debug */,
				8CC5083A1ED35E7E00C19524 /* Release */,
			);
			defaultConfigurationIsVisible = 0;
			defaultConfigurationName = Release;
		};
		DAE5EF6C22190A0200D1990B /* Build configuration list for PBXNativeTarget "PewPewTests" */ = {
			isa = XCConfigurationList;
			buildConfigurations = (
				DAE5EF6D22190A0200D1990B /* Debug */,
				DAE5EF6E22190A0200D1990B /* Release */,
			);
			defaultConfigurationIsVisible = 0;
			defaultConfigurationName = Release;
		};
/* End XCConfigurationList section */
	};
	rootObject = 8CC508081ED35E7D00C19524 /* Project object */;
}
